{
  "name": "VIBECASH",
  "lockfileVersion": 2,
  "requires": true,
  "packages": {
    "": {
      "dependencies": {
        "@types/jasmine": "^4.3.5"
      }
    },
    "node_modules/@types/jasmine": {
      "version": "4.3.5",
      "resolved": "https://registry.npmjs.org/@types/jasmine/-/jasmine-4.3.5.tgz",
      "integrity": "sha512-9YHUdvuNDDRJYXZwHqSsO72Ok0vmqoJbNn73ttyITQp/VA60SarnZ+MPLD37rJAhVoKp+9BWOvJP5tHIRfZylQ=="
    }
  },
  "dependencies": {
    "@types/jasmine": {
      "version": "4.3.5",
      "resolved": "https://registry.npmjs.org/@types/jasmine/-/jasmine-4.3.5.tgz",
      "integrity": "sha512-9YHUdvuNDDRJYXZwHqSsO72Ok0vmqoJbNn73ttyITQp/VA60SarnZ+MPLD37rJAhVoKp+9BWOvJP5tHIRfZylQ=="
    }
  }
}
